
Microsoft Visual Studio Solution File, Format Version 12.00
# Visual Studio 14
VisualStudioVersion = 14.0.25420.1
MinimumVisualStudioVersion = 10.0.40219.1
Project("{FAE04EC0-301F-11D3-BF4B-00C04F79EFBC}") = "BPO.PACIFICO.CAPTURAR.EMAIL", "BPO.PACIFICO\BPO.PACIFICO.CAPTURAR.EMAIL.csproj", "{879535BF-158C-40C5-911B-A2C673F08E2A}"
EndProject
Project("{FAE04EC0-301F-11D3-BF4B-00C04F79EFBC}") = "BPO.PACIFICO.PROCESARDATOS.AP", "BPO.PACIFICO.PROCESAR.DATOS\BPO.PACIFICO.PROCESARDATOS.AP.csproj", "{3B1BD443-671E-45A8-9F0D-2E1A5B38B259}"
EndProject
Project("{FAE04EC0-301F-11D3-BF4B-00C04F79EFBC}") = "BPO.PACIFICO.CREAR.TICKET.HIJO", "BPO.PACIFICO.CREAR.TICKET\BPO.PACIFICO.CREAR.TICKET.HIJO.csproj", "{662989EB-61F5-4A1E-81C3-B56549D5DA26}"
EndProject
Project("{FAE04EC0-301F-11D3-BF4B-00C04F79EFBC}") = "BPO.PACIFCO.BUSCAR.POLIZA", "BPO.PACIFCO.BUSCAR.POLIZA\BPO.PACIFCO.BUSCAR.POLIZA.csproj", "{BEB24987-86CA-409D-A9F2-91770552352E}"
EndProject
Project("{FAE04EC0-301F-11D3-BF4B-00C04F79EFBC}") = "Robot.Util", "Robot.Util.Nacar\Robot.Util.csproj", "{521F4F83-BC5B-4FBC-A799-CF027808875E}"
EndProject
Project("{FAE04EC0-301F-11D3-BF4B-00C04F79EFBC}") = "BPO.PACIFICO.REGISTRAR.ENVIAR.BPM", "BPO.PACIFICO.REGISTRAR.ENVIAR.BPM\BPO.PACIFICO.REGISTRAR.ENVIAR.BPM.csproj", "{034EF5A8-1D1E-453A-B88F-1D581688BD83}"
EndProject
Project("{FAE04EC0-301F-11D3-BF4B-00C04F79EFBC}") = "BPO.PACIFICO.ANULAR.POLIZA", "BPO.PACIFICO.ANULAR.POLIZA\BPO.PACIFICO.ANULAR.POLIZA.csproj", "{493D16CE-D9A9-4ADD-A17A-CDC15A7D580A}"
EndProject
Project("{2150E333-8FDC-42A3-9474-1A3956D46DE8}") = "Rehabilitación", "Rehabilitación", "{294F4D65-9512-411B-B7A5-0ED4B6E3F326}"
EndProject
Project("{FAE04EC0-301F-11D3-BF4B-00C04F79EFBC}") = "BPO.PACIFICO.REHABILITAR", "BPO.PACIFICO.REHABILITAR\BPO.PACIFICO.REHABILITAR.csproj", "{9F35F669-1A22-40F5-BE51-003ABC58FC40}"
EndProject
Project("{2150E333-8FDC-42A3-9474-1A3956D46DE8}") = "Genéricos", "Genéricos", "{850EE1B3-A72F-4B33-BC26-B8EB97640C13}"
EndProject
Project("{FAE04EC0-301F-11D3-BF4B-00C04F79EFBC}") = "BPO.PACIFICO.NOTIFICAR.EMAIL", "BPO.PACIFICO.NOTIFICAR.EMAIL\BPO.PACIFICO.NOTIFICAR.EMAIL.csproj", "{C6997F2D-D157-4150-92C3-595952980348}"
EndProject
Project("{FAE04EC0-301F-11D3-BF4B-00C04F79EFBC}") = "BPO.PACIFICO.PROCESARDATOS.RE", "BPO.PACIFICO.PROCESAR.DATOS.RE\BPO.PACIFICO.PROCESARDATOS.RE.csproj", "{08AAF892-64D9-4E21-81E0-AD9D9AD9CDA3}"
EndProject
Project("{FAE04EC0-301F-11D3-BF4B-00C04F79EFBC}") = "BPO.PACIFICO.PROCESARDATOS.AC", "BPO.PACIFICO.PROCESARDATOS.AC\BPO.PACIFICO.PROCESARDATOS.AC.csproj", "{765559E8-1283-4DCC-97D6-62FDC6C810EF}"
EndProject
Project("{2150E333-8FDC-42A3-9474-1A3956D46DE8}") = "Actualización de Datos Cliente", "Actualización de Datos Cliente", "{8B5F9245-F4E5-4569-BDE5-692D7DE9B4FA}"
EndProject
Project("{FAE04EC0-301F-11D3-BF4B-00C04F79EFBC}") = "BPO.PACIFICO.ACTUALIZAR.DATOS.CLIENTE", "BPO.PACIFICO.ACTUALIZAR.DATOS.CLIENTE\BPO.PACIFICO.ACTUALIZAR.DATOS.CLIENTE.csproj", "{46A668D6-A6DE-4BEE-AC8C-00B37F0A22F9}"
EndProject
Global
	GlobalSection(SolutionConfigurationPlatforms) = preSolution
		Debug|Any CPU = Debug|Any CPU
		Release|Any CPU = Release|Any CPU
	EndGlobalSection
	GlobalSection(ProjectConfigurationPlatforms) = postSolution
		{879535BF-158C-40C5-911B-A2C673F08E2A}.Debug|Any CPU.ActiveCfg = Debug|Any CPU
		{879535BF-158C-40C5-911B-A2C673F08E2A}.Debug|Any CPU.Build.0 = Debug|Any CPU
		{879535BF-158C-40C5-911B-A2C673F08E2A}.Release|Any CPU.ActiveCfg = Release|Any CPU
		{879535BF-158C-40C5-911B-A2C673F08E2A}.Release|Any CPU.Build.0 = Release|Any CPU
		{3B1BD443-671E-45A8-9F0D-2E1A5B38B259}.Debug|Any CPU.ActiveCfg = Debug|Any CPU
		{3B1BD443-671E-45A8-9F0D-2E1A5B38B259}.Debug|Any CPU.Build.0 = Debug|Any CPU
		{3B1BD443-671E-45A8-9F0D-2E1A5B38B259}.Release|Any CPU.ActiveCfg = Release|Any CPU
		{3B1BD443-671E-45A8-9F0D-2E1A5B38B259}.Release|Any CPU.Build.0 = Release|Any CPU
		{662989EB-61F5-4A1E-81C3-B56549D5DA26}.Debug|Any CPU.ActiveCfg = Debug|Any CPU
		{662989EB-61F5-4A1E-81C3-B56549D5DA26}.Debug|Any CPU.Build.0 = Debug|Any CPU
		{662989EB-61F5-4A1E-81C3-B56549D5DA26}.Release|Any CPU.ActiveCfg = Release|Any CPU
		{662989EB-61F5-4A1E-81C3-B56549D5DA26}.Release|Any CPU.Build.0 = Release|Any CPU
		{BEB24987-86CA-409D-A9F2-91770552352E}.Debug|Any CPU.ActiveCfg = Debug|Any CPU
		{BEB24987-86CA-409D-A9F2-91770552352E}.Debug|Any CPU.Build.0 = Debug|Any CPU
		{BEB24987-86CA-409D-A9F2-91770552352E}.Release|Any CPU.ActiveCfg = Release|Any CPU
		{BEB24987-86CA-409D-A9F2-91770552352E}.Release|Any CPU.Build.0 = Release|Any CPU
		{521F4F83-BC5B-4FBC-A799-CF027808875E}.Debug|Any CPU.ActiveCfg = Debug|Any CPU
		{521F4F83-BC5B-4FBC-A799-CF027808875E}.Debug|Any CPU.Build.0 = Debug|Any CPU
		{521F4F83-BC5B-4FBC-A799-CF027808875E}.Release|Any CPU.ActiveCfg = Release|Any CPU
		{521F4F83-BC5B-4FBC-A799-CF027808875E}.Release|Any CPU.Build.0 = Release|Any CPU
		{034EF5A8-1D1E-453A-B88F-1D581688BD83}.Debug|Any CPU.ActiveCfg = Debug|Any CPU
		{034EF5A8-1D1E-453A-B88F-1D581688BD83}.Debug|Any CPU.Build.0 = Debug|Any CPU
		{034EF5A8-1D1E-453A-B88F-1D581688BD83}.Release|Any CPU.ActiveCfg = Release|Any CPU
		{034EF5A8-1D1E-453A-B88F-1D581688BD83}.Release|Any CPU.Build.0 = Release|Any CPU
		{493D16CE-D9A9-4ADD-A17A-CDC15A7D580A}.Debug|Any CPU.ActiveCfg = Debug|Any CPU
		{493D16CE-D9A9-4ADD-A17A-CDC15A7D580A}.Debug|Any CPU.Build.0 = Debug|Any CPU
		{493D16CE-D9A9-4ADD-A17A-CDC15A7D580A}.Release|Any CPU.ActiveCfg = Release|Any CPU
		{493D16CE-D9A9-4ADD-A17A-CDC15A7D580A}.Release|Any CPU.Build.0 = Release|Any CPU
		{9F35F669-1A22-40F5-BE51-003ABC58FC40}.Debug|Any CPU.ActiveCfg = Debug|Any CPU
		{9F35F669-1A22-40F5-BE51-003ABC58FC40}.Debug|Any CPU.Build.0 = Debug|Any CPU
		{9F35F669-1A22-40F5-BE51-003ABC58FC40}.Release|Any CPU.ActiveCfg = Release|Any CPU
		{9F35F669-1A22-40F5-BE51-003ABC58FC40}.Release|Any CPU.Build.0 = Release|Any CPU
		{C6997F2D-D157-4150-92C3-595952980348}.Debug|Any CPU.ActiveCfg = Debug|Any CPU
		{C6997F2D-D157-4150-92C3-595952980348}.Debug|Any CPU.Build.0 = Debug|Any CPU
		{C6997F2D-D157-4150-92C3-595952980348}.Release|Any CPU.ActiveCfg = Release|Any CPU
		{C6997F2D-D157-4150-92C3-595952980348}.Release|Any CPU.Build.0 = Release|Any CPU
		{08AAF892-64D9-4E21-81E0-AD9D9AD9CDA3}.Debug|Any CPU.ActiveCfg = Debug|Any CPU
		{08AAF892-64D9-4E21-81E0-AD9D9AD9CDA3}.Debug|Any CPU.Build.0 = Debug|Any CPU
		{08AAF892-64D9-4E21-81E0-AD9D9AD9CDA3}.Release|Any CPU.ActiveCfg = Release|Any CPU
		{08AAF892-64D9-4E21-81E0-AD9D9AD9CDA3}.Release|Any CPU.Build.0 = Release|Any CPU
		{765559E8-1283-4DCC-97D6-62FDC6C810EF}.Debug|Any CPU.ActiveCfg = Debug|Any CPU
		{765559E8-1283-4DCC-97D6-62FDC6C810EF}.Debug|Any CPU.Build.0 = Debug|Any CPU
		{765559E8-1283-4DCC-97D6-62FDC6C810EF}.Release|Any CPU.ActiveCfg = Release|Any CPU
		{765559E8-1283-4DCC-97D6-62FDC6C810EF}.Release|Any CPU.Build.0 = Release|Any CPU
		{46A668D6-A6DE-4BEE-AC8C-00B37F0A22F9}.Debug|Any CPU.ActiveCfg = Debug|Any CPU
		{46A668D6-A6DE-4BEE-AC8C-00B37F0A22F9}.Debug|Any CPU.Build.0 = Debug|Any CPU
		{46A668D6-A6DE-4BEE-AC8C-00B37F0A22F9}.Release|Any CPU.ActiveCfg = Release|Any CPU
		{46A668D6-A6DE-4BEE-AC8C-00B37F0A22F9}.Release|Any CPU.Build.0 = Release|Any CPU
	EndGlobalSection
	GlobalSection(SolutionProperties) = preSolution
		HideSolutionNode = FALSE
	EndGlobalSection
	GlobalSection(NestedProjects) = preSolution
		{9F35F669-1A22-40F5-BE51-003ABC58FC40} = {294F4D65-9512-411B-B7A5-0ED4B6E3F326}
		{C6997F2D-D157-4150-92C3-595952980348} = {850EE1B3-A72F-4B33-BC26-B8EB97640C13}
		{46A668D6-A6DE-4BEE-AC8C-00B37F0A22F9} = {8B5F9245-F4E5-4569-BDE5-692D7DE9B4FA}
	EndGlobalSection
	GlobalSection(ExtensibilityGlobals) = postSolution
		SolutionGuid = {0A05CD5B-93AA-4794-AA91-0A986DC34989}
	EndGlobalSection
EndGlobal
